{
  "lockfile-version": 1,
  "manifest": {
    "version": 1,
    "install": {
      "cargo": {
        "pkg-path": "cargo"
      },
      "eza": {
        "pkg-path": "eza"
      }
    },
    "options": {}
  },
  "packages": [
    {
      "attr_path": "cargo",
      "broken": false,
      "derivation": "/nix/store/w8v6lw3wk5r7d1ki1q2whfn2m4wvhz10-cargo-1.91.1.drv",
      "description": "Downloads your Rust project's dependencies and builds your project",
      "install_id": "cargo",
      "license": "[ MIT, Apache-2.0 ]",
      "locked_url": "https://github.com/flox/nixpkgs?rev=2fad6eac6077f03fe109c4d4eb171cf96791faa4",
      "name": "cargo-1.91.1",
      "pname": "cargo",
      "rev": "2fad6eac6077f03fe109c4d4eb171cf96791faa4",
      "rev_count": 903292,
      "rev_date": "2025-11-27T11:14:36Z",
      "scrape_date": "2025-11-29T03:00:18.659481Z",
      "stabilities": [
        "unstable"
      ],
      "unfree": false,
      "version": "1.91.1",
      "outputs_to_install": [
        "out"
      ],
      "outputs": {
        "out": "/nix/store/45b258b3av4kwr5pljhaghpkn2b076gp-cargo-1.91.1"
      },
      "system": "aarch64-darwin",
      "group": "toplevel",
      "priority": 5
    },
    {
      "attr_path": "cargo",
      "broken": false,
      "derivation": "/nix/store/52kja9770r3k85xj7xvm96fsbnvc4vv7-cargo-1.91.1.drv",
      "description": "Downloads your Rust project's dependencies and builds your project",
      "install_id": "cargo",
      "license": "[ MIT, Apache-2.0 ]",
      "locked_url": "https://github.com/flox/nixpkgs?rev=2fad6eac6077f03fe109c4d4eb171cf96791faa4",
      "name": "cargo-1.91.1",
      "pname": "cargo",
      "rev": "2fad6eac6077f03fe109c4d4eb171cf96791faa4",
      "rev_count": 903292,
      "rev_date": "2025-11-27T11:14:36Z",
      "scrape_date": "2025-11-29T03:15:56.747434Z",
      "stabilities": [
        "unstable"
      ],
      "unfree": false,
      "version": "1.91.1",
      "outputs_to_install": [
        "out"
      ],
      "outputs": {
        "out": "/nix/store/0dc8isk49j5nixxswvl8kdsvz8wvzah8-cargo-1.91.1"
      },
      "system": "aarch64-linux",
      "group": "toplevel",
      "priority": 5
    },
    {
      "attr_path": "cargo",
      "broken": false,
      "derivation": "/nix/store/j26lwdqqqq82k0kq0jarn4g1dj6iwp9j-cargo-1.91.1.drv",
      "description": "Downloads your Rust project's dependencies and builds your project",
      "install_id": "cargo",
      "license": "[ MIT, Apache-2.0 ]",
      "locked_url": "https://github.com/flox/nixpkgs?rev=2fad6eac6077f03fe109c4d4eb171cf96791faa4",
      "name": "cargo-1.91.1",
      "pname": "cargo",
      "rev": "2fad6eac6077f03fe109c4d4eb171cf96791faa4",
      "rev_count": 903292,
      "rev_date": "2025-11-27T11:14:36Z",
      "scrape_date": "2025-11-29T03:31:59.290482Z",
      "stabilities": [
        "unstable"
      ],
      "unfree": false,
      "version": "1.91.1",
      "outputs_to_install": [
        "out"
      ],
      "outputs": {
        "out": "/nix/store/vc9ij5iq2ga02875g3i8dxz7mpa11ygf-cargo-1.91.1"
      },
      "system": "x86_64-darwin",
      "group": "toplevel",
      "priority": 5
    },
    {
      "attr_path": "cargo",
      "broken": false,
      "derivation": "/nix/store/msbpsqfhp12rpibgbrjgh8nnb7rxb78g-cargo-1.91.1.drv",
      "description": "Downloads your Rust project's dependencies and builds your project",
      "install_id": "cargo",
      "license": "[ MIT, Apache-2.0 ]",
      "locked_url": "https://github.com/flox/nixpkgs?rev=2fad6eac6077f03fe109c4d4eb171cf96791faa4",
      "name": "cargo-1.91.1",
      "pname": "cargo",
      "rev": "2fad6eac6077f03fe109c4d4eb171cf96791faa4",
      "rev_count": 903292,
      "rev_date": "2025-11-27T11:14:36Z",
      "scrape_date": "2025-11-29T03:48:00.862571Z",
      "stabilities": [
        "unstable"
      ],
      "unfree": false,
      "version": "1.91.1",
      "outputs_to_install": [
        "out"
      ],
      "outputs": {
        "out": "/nix/store/742kq790y4nd92s4l4arg7ij8h7is5ar-cargo-1.91.1"
      },
      "system": "x86_64-linux",
      "group": "toplevel",
      "priority": 5
    },
    {
      "attr_path": "eza",
      "broken": false,
      "derivation": "/nix/store/0s1hby9hbk2bfdhxh90jrzram5c1vdmp-eza-0.23.4.drv",
      "description": "Modern, maintained replacement for ls",
      "install_id": "eza",
      "license": "EUPL-1.2",
      "locked_url": "https://github.com/flox/nixpkgs?rev=2fad6eac6077f03fe109c4d4eb171cf96791faa4",
      "name": "eza-0.23.4",
      "pname": "eza",
      "rev": "2fad6eac6077f03fe109c4d4eb171cf96791faa4",
      "rev_count": 903292,
      "rev_date": "2025-11-27T11:14:36Z",
      "scrape_date": "2025-11-29T03:00:19.389375Z",
      "stabilities": [
        "unstable"
      ],
      "unfree": false,
      "version": "0.23.4",
      "outputs_to_install": [
        "man",
        "out"
      ],
      "outputs": {
        "man": "/nix/store/p2l0dkhwiycpq2gs1hcqzbk3djcm8jk6-eza-0.23.4-man",
        "out": "/nix/store/rqy1v1px7narahsl37yq7qchfnk7b0fg-eza-0.23.4"
      },
      "system": "aarch64-darwin",
      "group": "toplevel",
      "priority": 5
    },
    {
      "attr_path": "eza",
      "broken": false,
      "derivation": "/nix/store/pmrwnmlczxl4s6dg91ygiw2z11wazfvz-eza-0.23.4.drv",
      "description": "Modern, maintained replacement for ls",
      "install_id": "eza",
      "license": "EUPL-1.2",
      "locked_url": "https://github.com/flox/nixpkgs?rev=2fad6eac6077f03fe109c4d4eb171cf96791faa4",
      "name": "eza-0.23.4",
      "pname": "eza",
      "rev": "2fad6eac6077f03fe109c4d4eb171cf96791faa4",
      "rev_count": 903292,
      "rev_date": "2025-11-27T11:14:36Z",
      "scrape_date": "2025-11-29T03:15:57.771793Z",
      "stabilities": [
        "unstable"
      ],
      "unfree": false,
      "version": "0.23.4",
      "outputs_to_install": [
        "man",
        "out"
      ],
      "outputs": {
        "man": "/nix/store/kr6y7s2nxq0xzqa17d0sbsds3prlyrai-eza-0.23.4-man",
        "out": "/nix/store/5ngi6pqhcg505n54365wfx96qk7chq7l-eza-0.23.4"
      },
      "system": "aarch64-linux",
      "group": "toplevel",
      "priority": 5
    },
    {
      "attr_path": "eza",
      "broken": false,
      "derivation": "/nix/store/rw1p38f5afcznf3lrlam0flqsc9zxzjb-eza-0.23.4.drv",
      "description": "Modern, maintained replacement for ls",
      "install_id": "eza",
      "license": "EUPL-1.2",
      "locked_url": "https://github.com/flox/nixpkgs?rev=2fad6eac6077f03fe109c4d4eb171cf96791faa4",
      "name": "eza-0.23.4",
      "pname": "eza",
      "rev": "2fad6eac6077f03fe109c4d4eb171cf96791faa4",
      "rev_count": 903292,
      "rev_date": "2025-11-27T11:14:36Z",
      "scrape_date": "2025-11-29T03:32:00.019852Z",
      "stabilities": [
        "unstable"
      ],
      "unfree": false,
      "version": "0.23.4",
      "outputs_to_install": [
        "man",
        "out"
      ],
      "outputs": {
        "man": "/nix/store/zlws95hx7v49cfkr2zm0ca4yp2q7ni0d-eza-0.23.4-man",
        "out": "/nix/store/idqsr5rm00kzzk3fy307g68y8lqfacmx-eza-0.23.4"
      },
      "system": "x86_64-darwin",
      "group": "toplevel",
      "priority": 5
    },
    {
      "attr_path": "eza",
      "broken": false,
      "derivation": "/nix/store/5bmgm6759318qpjqg0fnjypsamaa69vv-eza-0.23.4.drv",
      "description": "Modern, maintained replacement for ls",
      "install_id": "eza",
      "license": "EUPL-1.2",
      "locked_url": "https://github.com/flox/nixpkgs?rev=2fad6eac6077f03fe109c4d4eb171cf96791faa4",
      "name": "eza-0.23.4",
      "pname": "eza",
      "rev": "2fad6eac6077f03fe109c4d4eb171cf96791faa4",
      "rev_count": 903292,
      "rev_date": "2025-11-27T11:14:36Z",
      "scrape_date": "2025-11-29T03:48:02.037149Z",
      "stabilities": [
        "unstable"
      ],
      "unfree": false,
      "version": "0.23.4",
      "outputs_to_install": [
        "man",
        "out"
      ],
      "outputs": {
        "man": "/nix/store/q8vga5159q8iyhkpkkfkkj29f0w0s7fj-eza-0.23.4-man",
        "out": "/nix/store/z1h5sg9kdhkfxycz590gjxsymv9xvn0x-eza-0.23.4"
      },
      "system": "x86_64-linux",
      "group": "toplevel",
      "priority": 5
    }
  ]
}