{
  "lockfile-version": 1,
  "manifest": {
    "version": 1,
    "install": {
      "cargo": {
        "pkg-path": "cargo"
      },
      "eza": {
        "pkg-path": "eza"
      }
    },
    "options": {}
  },
  "packages": [
    {
      "attr_path": "cargo",
      "broken": false,
      "derivation": "/nix/store/5r0l78j53v9vqvc8yb28kw4ml9wabivm-cargo-1.89.0.drv",
      "description": "Downloads your Rust project's dependencies and builds your project",
      "install_id": "cargo",
      "license": "[ MIT, Apache-2.0 ]",
      "locked_url": "https://github.com/flox/nixpkgs?rev=b3d51a0365f6695e7dd5cdf3e180604530ed33b4",
      "name": "cargo-1.89.0",
      "pname": "cargo",
      "rev": "b3d51a0365f6695e7dd5cdf3e180604530ed33b4",
      "rev_count": 888552,
      "rev_date": "2025-11-02T19:18:41Z",
      "scrape_date": "2025-11-04T00:35:18.202964Z",
      "stabilities": [
        "unstable"
      ],
      "unfree": false,
      "version": "1.89.0",
      "outputs_to_install": [
        "out"
      ],
      "outputs": {
        "out": "/nix/store/f61dvjzzqj7c9xv07naqx6ga84vj10ip-cargo-1.89.0"
      },
      "system": "aarch64-darwin",
      "group": "toplevel",
      "priority": 5
    },
    {
      "attr_path": "cargo",
      "broken": false,
      "derivation": "/nix/store/9b48lwz5mva14p0p0m2m6xxcc4vq6yzg-cargo-1.89.0.drv",
      "description": "Downloads your Rust project's dependencies and builds your project",
      "install_id": "cargo",
      "license": "[ MIT, Apache-2.0 ]",
      "locked_url": "https://github.com/flox/nixpkgs?rev=b3d51a0365f6695e7dd5cdf3e180604530ed33b4",
      "name": "cargo-1.89.0",
      "pname": "cargo",
      "rev": "b3d51a0365f6695e7dd5cdf3e180604530ed33b4",
      "rev_count": 888552,
      "rev_date": "2025-11-02T19:18:41Z",
      "scrape_date": "2025-11-05T16:28:57.461564Z",
      "stabilities": [
        "unstable"
      ],
      "unfree": false,
      "version": "1.89.0",
      "outputs_to_install": [
        "out"
      ],
      "outputs": {
        "out": "/nix/store/cp19l4m09lp45cm86ilvqpl1n1bwf5fz-cargo-1.89.0"
      },
      "system": "aarch64-linux",
      "group": "toplevel",
      "priority": 5
    },
    {
      "attr_path": "cargo",
      "broken": false,
      "derivation": "/nix/store/9c96ifqn99sc26fyvrwgrl7217bn9qil-cargo-1.89.0.drv",
      "description": "Downloads your Rust project's dependencies and builds your project",
      "install_id": "cargo",
      "license": "[ MIT, Apache-2.0 ]",
      "locked_url": "https://github.com/flox/nixpkgs?rev=b3d51a0365f6695e7dd5cdf3e180604530ed33b4",
      "name": "cargo-1.89.0",
      "pname": "cargo",
      "rev": "b3d51a0365f6695e7dd5cdf3e180604530ed33b4",
      "rev_count": 888552,
      "rev_date": "2025-11-02T19:18:41Z",
      "scrape_date": "2025-11-05T16:54:57.240090Z",
      "stabilities": [
        "unstable"
      ],
      "unfree": false,
      "version": "1.89.0",
      "outputs_to_install": [
        "out"
      ],
      "outputs": {
        "out": "/nix/store/mdrdfm4q2076c8pp3gk798nzd6g0b5jn-cargo-1.89.0"
      },
      "system": "x86_64-darwin",
      "group": "toplevel",
      "priority": 5
    },
    {
      "attr_path": "cargo",
      "broken": false,
      "derivation": "/nix/store/cdxbvr8pkywshy5h5x1s8lcmxfmyks6b-cargo-1.89.0.drv",
      "description": "Downloads your Rust project's dependencies and builds your project",
      "install_id": "cargo",
      "license": "[ MIT, Apache-2.0 ]",
      "locked_url": "https://github.com/flox/nixpkgs?rev=b3d51a0365f6695e7dd5cdf3e180604530ed33b4",
      "name": "cargo-1.89.0",
      "pname": "cargo",
      "rev": "b3d51a0365f6695e7dd5cdf3e180604530ed33b4",
      "rev_count": 888552,
      "rev_date": "2025-11-02T19:18:41Z",
      "scrape_date": "2025-11-05T17:20:46.748193Z",
      "stabilities": [
        "unstable"
      ],
      "unfree": false,
      "version": "1.89.0",
      "outputs_to_install": [
        "out"
      ],
      "outputs": {
        "out": "/nix/store/ynhfvh8h1da3l2hnm15ab2fh3h8a6lf4-cargo-1.89.0"
      },
      "system": "x86_64-linux",
      "group": "toplevel",
      "priority": 5
    },
    {
      "attr_path": "eza",
      "broken": false,
      "derivation": "/nix/store/ss3p3m7s8nssrasnrzilihc64kg2gwra-eza-0.23.4.drv",
      "description": "Modern, maintained replacement for ls",
      "install_id": "eza",
      "license": "EUPL-1.2",
      "locked_url": "https://github.com/flox/nixpkgs?rev=b3d51a0365f6695e7dd5cdf3e180604530ed33b4",
      "name": "eza-0.23.4",
      "pname": "eza",
      "rev": "b3d51a0365f6695e7dd5cdf3e180604530ed33b4",
      "rev_count": 888552,
      "rev_date": "2025-11-02T19:18:41Z",
      "scrape_date": "2025-11-04T00:35:18.828190Z",
      "stabilities": [
        "unstable"
      ],
      "unfree": false,
      "version": "0.23.4",
      "outputs_to_install": [
        "man",
        "out"
      ],
      "outputs": {
        "man": "/nix/store/nnbrw0mzlsbh80yaaimsqdwrsn7b4h9r-eza-0.23.4-man",
        "out": "/nix/store/6cq1zws9f99g6g1y9apxb87n0apcvxfw-eza-0.23.4"
      },
      "system": "aarch64-darwin",
      "group": "toplevel",
      "priority": 5
    },
    {
      "attr_path": "eza",
      "broken": false,
      "derivation": "/nix/store/j6b71mmgwy0q6lk5hpzd7krd39c4m98k-eza-0.23.4.drv",
      "description": "Modern, maintained replacement for ls",
      "install_id": "eza",
      "license": "EUPL-1.2",
      "locked_url": "https://github.com/flox/nixpkgs?rev=b3d51a0365f6695e7dd5cdf3e180604530ed33b4",
      "name": "eza-0.23.4",
      "pname": "eza",
      "rev": "b3d51a0365f6695e7dd5cdf3e180604530ed33b4",
      "rev_count": 888552,
      "rev_date": "2025-11-02T19:18:41Z",
      "scrape_date": "2025-11-05T16:28:58.346191Z",
      "stabilities": [
        "unstable"
      ],
      "unfree": false,
      "version": "0.23.4",
      "outputs_to_install": [
        "man",
        "out"
      ],
      "outputs": {
        "man": "/nix/store/83fd99qfiwxyb6ajvfc9mldmga65d6if-eza-0.23.4-man",
        "out": "/nix/store/xni2d1haam2dshpk5h75xg1mzng3lmaj-eza-0.23.4"
      },
      "system": "aarch64-linux",
      "group": "toplevel",
      "priority": 5
    },
    {
      "attr_path": "eza",
      "broken": false,
      "derivation": "/nix/store/nq0vxw5h85r3hby02269h1vk4jknfbzn-eza-0.23.4.drv",
      "description": "Modern, maintained replacement for ls",
      "install_id": "eza",
      "license": "EUPL-1.2",
      "locked_url": "https://github.com/flox/nixpkgs?rev=b3d51a0365f6695e7dd5cdf3e180604530ed33b4",
      "name": "eza-0.23.4",
      "pname": "eza",
      "rev": "b3d51a0365f6695e7dd5cdf3e180604530ed33b4",
      "rev_count": 888552,
      "rev_date": "2025-11-02T19:18:41Z",
      "scrape_date": "2025-11-05T16:54:57.875522Z",
      "stabilities": [
        "unstable"
      ],
      "unfree": false,
      "version": "0.23.4",
      "outputs_to_install": [
        "man",
        "out"
      ],
      "outputs": {
        "man": "/nix/store/d9jx0g4d75yvh5y2rbq1w2b9a566c1x2-eza-0.23.4-man",
        "out": "/nix/store/a7icr308lda4znhi7n0p1y2pwzcn6c4l-eza-0.23.4"
      },
      "system": "x86_64-darwin",
      "group": "toplevel",
      "priority": 5
    },
    {
      "attr_path": "eza",
      "broken": false,
      "derivation": "/nix/store/mrk9c8fc85s87p1ya8s8nb5fips5is5p-eza-0.23.4.drv",
      "description": "Modern, maintained replacement for ls",
      "install_id": "eza",
      "license": "EUPL-1.2",
      "locked_url": "https://github.com/flox/nixpkgs?rev=b3d51a0365f6695e7dd5cdf3e180604530ed33b4",
      "name": "eza-0.23.4",
      "pname": "eza",
      "rev": "b3d51a0365f6695e7dd5cdf3e180604530ed33b4",
      "rev_count": 888552,
      "rev_date": "2025-11-02T19:18:41Z",
      "scrape_date": "2025-11-05T17:20:47.744290Z",
      "stabilities": [
        "unstable"
      ],
      "unfree": false,
      "version": "0.23.4",
      "outputs_to_install": [
        "man",
        "out"
      ],
      "outputs": {
        "man": "/nix/store/wv77mj059v7dj9bj78dw2zmfm8ra6h1m-eza-0.23.4-man",
        "out": "/nix/store/jxi8ybh1r6bl9frbblsk5sg4vddy6099-eza-0.23.4"
      },
      "system": "x86_64-linux",
      "group": "toplevel",
      "priority": 5
    }
  ]
}